
Microsoft Visual Studio Solution File, Format Version 12.00
# Visual Studio Version 17
VisualStudioVersion = 17.14.36203.30
MinimumVisualStudioVersion = 10.0.40219.1
Project("{FAE04EC0-301F-11D3-BF4B-00C04F79EFBC}") = "AlgorandGoogleDriveAccount", "AlgorandGoogleDriveAccount\AlgorandGoogleDriveAccount.csproj", "{3E1137A0-3662-4C5B-B36D-42EB01222ACB}"
EndProject
Project("{FAE04EC0-301F-11D3-BF4B-00C04F79EFBC}") = "AlgoranGoogleDriveAccountTests", "AlgoranGoogleDriveAccountTests\AlgoranGoogleDriveAccountTests.csproj", "{48853098-DA09-4099-95E8-DEC74FBBA03F}"
EndProject
Global
	GlobalSection(SolutionConfigurationPlatforms) = preSolution
		Debug|Any CPU = Debug|Any CPU
		Release|Any CPU = Release|Any CPU
	EndGlobalSection
	GlobalSection(ProjectConfigurationPlatforms) = postSolution
		{3E1137A0-3662-4C5B-B36D-42EB01222ACB}.Debug|Any CPU.ActiveCfg = Debug|Any CPU
		{3E1137A0-3662-4C5B-B36D-42EB01222ACB}.Debug|Any CPU.Build.0 = Debug|Any CPU
		{3E1137A0-3662-4C5B-B36D-42EB01222ACB}.Release|Any CPU.ActiveCfg = Release|Any CPU
		{3E1137A0-3662-4C5B-B36D-42EB01222ACB}.Release|Any CPU.Build.0 = Release|Any CPU
		{48853098-DA09-4099-95E8-DEC74FBBA03F}.Debug|Any CPU.ActiveCfg = Debug|Any CPU
		{48853098-DA09-4099-95E8-DEC74FBBA03F}.Debug|Any CPU.Build.0 = Debug|Any CPU
		{48853098-DA09-4099-95E8-DEC74FBBA03F}.Release|Any CPU.ActiveCfg = Release|Any CPU
		{48853098-DA09-4099-95E8-DEC74FBBA03F}.Release|Any CPU.Build.0 = Release|Any CPU
	EndGlobalSection
	GlobalSection(SolutionProperties) = preSolution
		HideSolutionNode = FALSE
	EndGlobalSection
	GlobalSection(ExtensibilityGlobals) = postSolution
		SolutionGuid = {0B3E30AB-592A-4009-A51D-12DFD242453B}
	EndGlobalSection
EndGlobal
